// !$*UTF8*$!
{
	archiveVersion = 1;
	classes = {
	};
	objectVersion = 48;
	objects = {

/* Begin PBXBuildFile section */
		5775C8361FA0713700129407 /* AppDelegate.m in Sources */ = {isa = PBXBuildFile; fileRef = 5775C8351FA0713700129407 /* AppDelegate.m */; };
		5775C8391FA0713700129407 /* ViewController.m in Sources */ = {isa = PBXBuildFile; fileRef = 5775C8381FA0713700129407 /* ViewController.m */; };
		5775C83C1FA0713700129407 /* Main.storyboard in Resources */ = {isa = PBXBuildFile; fileRef = 5775C83A1FA0713700129407 /* Main.storyboard */; };
		5775C83E1FA0713700129407 /* Assets.xcassets in Resources */ = {isa = PBXBuildFile; fileRef = 5775C83D1FA0713700129407 /* Assets.xcassets */; };
		5775C8411FA0713800129407 /* LaunchScreen.storyboard in Resources */ = {isa = PBXBuildFile; fileRef = 5775C83F1FA0713800129407 /* LaunchScreen.storyboard */; };
		5775C8441FA0713800129407 /* main.m in Sources */ = {isa = PBXBuildFile; fileRef = 5775C8431FA0713800129407 /* main.m */; };
/* End PBXBuildFile section */

/* Begin PBXFileReference section */
		5775C8311FA0713700129407 /* Encryped.app */ = {isa = PBXFileReference; explicitFileType = wrapper.application; includeInIndex = 0; path = Encryped.app; sourceTree = BUILT_PRODUCTS_DIR; };
		5775C8341FA0713700129407 /* AppDelegate.h */ = {isa = PBXFileReference; lastKnownFileType = sourcecode.c.h; path = AppDelegate.h; sourceTree = "<group>"; };
		5775C8351FA0713700129407 /* AppDelegate.m */ = {isa = PBXFileReference; lastKnownFileType = sourcecode.c.objc; path = AppDelegate.m; sourceTree = "<group>"; };
		5775C8371FA0713700129407 /* ViewController.h */ = {isa = PBXFileReference; lastKnownFileType = sourcecode.c.h; path = ViewController.h; sourceTree = "<group>"; };
		5775C8381FA0713700129407 /* ViewController.m */ = {isa = PBXFileReference; lastKnownFileType = sourcecode.c.objc; path = ViewController.m; sourceTree = "<group>"; };
		5775C83B1FA0713700129407 /* Base */ = {isa = PBXFileReference; lastKnownFileType = file.storyboard; name = Base; path = Base.lproj/Main.storyboard; sourceTree = "<group>"; };
		5775C83D1FA0713700129407 /* Assets.xcassets */ = {isa = PBXFileReference; lastKnownFileType = folder.assetcatalog; path = Assets.xcassets; sourceTree = "<group>"; };
		5775C8401FA0713800129407 /* Base */ = {isa = PBXFileReference; lastKnownFileType = file.storyboard; name = Base; path = Base.lproj/LaunchScreen.storyboard; sourceTree = "<group>"; };
		5775C8421FA0713800129407 /* Info.plist */ = {isa = PBXFileReference; lastKnownFileType = text.plist.xml; path = Info.plist; sourceTree = "<group>"; };
		5775C8431FA0713800129407 /* main.m */ = {isa = PBXFileReference; lastKnownFileType = sourcecode.c.objc; path = main.m; sourceTree = "<group>"; };
/* End PBXFileReference section */

/* Begin PBXFrameworksBuildPhase section */
		5775C82E1FA0713700129407 /* Frameworks */ = {
			isa = PBXFrameworksBuildPhase;
			buildActionMask = 2147483647;
			files = (
			);
			runOnlyForDeploymentPostprocessing = 0;
		};
/* End PBXFrameworksBuildPhase section */

/* Begin PBXGroup section */
		5775C8281FA0713600129407 = {
			isa = PBXGroup;
			children = (
				5775C8331FA0713700129407 /* Encryped */,
				5775C8321FA0713700129407 /* Products */,
			);
			sourceTree = "<group>";
		};
		5775C8321FA0713700129407 /* Products */ = {
			isa = PBXGroup;
			children = (
				5775C8311FA0713700129407 /* Encryped.app */,
			);
			name = Products;
			sourceTree = "<group>";
		};
		5775C8331FA0713700129407 /* Encryped */ = {
			isa = PBXGroup;
			children = (
				5775C8341FA0713700129407 /* AppDelegate.h */,
				5775C8351FA0713700129407 /* AppDelegate.m */,
				5775C8371FA0713700129407 /* ViewController.h */,
				5775C8381FA0713700129407 /* ViewController.m */,
				5775C83A1FA0713700129407 /* Main.storyboard */,
				5775C83D1FA0713700129407 /* Assets.xcassets */,
				5775C83F1FA0713800129407 /* LaunchScreen.storyboard */,
				5775C8421FA0713800129407 /* Info.plist */,
				5775C8431FA0713800129407 /* main.m */,
			);
			path = Encryped;
			sourceTree = "<group>";
		};
/* End PBXGroup section */

/* Begin PBXNativeTarget section */
		5775C8301FA0713700129407 /* Encryped */ = {
			isa = PBXNativeTarget;
			buildConfigurationList = 5775C8471FA0713800129407 /* Build configuration list for PBXNativeTarget "Encryped" */;
			buildPhases = (
				5775C82D1FA0713700129407 /* Sources */,
				5775C82E1FA0713700129407 /* Frameworks */,
				5775C82F1FA0713700129407 /* Resources */,
			);
			buildRules = (
			);
			dependencies = (
			);
			name = Encryped;
			productName = Encryped;
			productReference = 5775C8311FA0713700129407 /* Encryped.app */;
			productType = "com.apple.product-type.application";
		};
/* End PBXNativeTarget section */

/* Begin PBXProject section */
		5775C8291FA0713600129407 /* Project object */ = {
			isa = PBXProject;
			attributes = {
				LastUpgradeCheck = 0900;
				ORGANIZATIONNAME = _Doctor;
				TargetAttributes = {
					5775C8301FA0713700129407 = {
						CreatedOnToolsVersion = 9.0;
						ProvisioningStyle = Automatic;
					};
				};
			};
			buildConfigurationList = 5775C82C1FA0713600129407 /* Build configuration list for PBXProject "Encryped" */;
			compatibilityVersion = "Xcode 8.0";
			developmentRegion = en;
			hasScannedForEncodings = 0;
			knownRegions = (
				en,
				Base,
			);
			mainGroup = 5775C8281FA0713600129407;
			productRefGroup = 5775C8321FA0713700129407 /* Products */;
			projectDirPath = "";
			projectRoot = "";
			targets = (
				5775C8301FA0713700129407 /* Encryped */,
			);
		};
/* End PBXProject section */

/* Begin PBXResourcesBuildPhase section */
		5775C82F1FA0713700129407 /* Resources */ = {
			isa = PBXResourcesBuildPhase;
			buildActionMask = 2147483647;
			files = (
				5775C8411FA0713800129407 /* LaunchScreen.storyboard in Resources */,
				5775C83E1FA0713700129407 /* Assets.xcassets in Resources */,
				5775C83C1FA0713700129407 /* Main.storyboard in Resources */,
			);
			runOnlyForDeploymentPostprocessing = 0;
		};
/* End PBXResourcesBuildPhase section */

/* Begin PBXSourcesBuildPhase section */
		5775C82D1FA0713700129407 /* Sources */ = {
			isa = PBXSourcesBuildPhase;
			buildActionMask = 2147483647;
			files = (
				5775C8391FA0713700129407 /* ViewController.m in Sources */,
				5775C8441FA0713800129407 /* main.m in Sources */,
				5775C8361FA0713700129407 /* AppDelegate.m in Sources */,
			);
			runOnlyForDeploymentPostprocessing = 0;
		};
/* End PBXSourcesBuildPhase section */

/* Begin PBXVariantGroup section */
		5775C83A1FA0713700129407 /* Main.storyboard */ = {
			isa = PBXVariantGroup;
			children = (
				5775C83B1FA0713700129407 /* Base */,
			);
			name = Main.storyboard;
			sourceTree = "<group>";
		};
		5775C83F1FA0713800129407 /* LaunchScreen.storyboard */ = {
			isa = PBXVariantGroup;
			children = (
				5775C8401FA0713800129407 /* Base */,
			);
			name = LaunchScreen.storyboard;
			sourceTree = "<group>";
		};
/* End PBXVariantGroup section */

/* Begin XCBuildConfiguration section */
		5775C8451FA0713800129407 /* Debug */ = {
			isa = XCBuildConfiguration;
			buildSettings = {
				ALWAYS_SEARCH_USER_PATHS = NO;
				CLANG_ANALYZER_NONNULL = YES;
				CLANG_ANALYZER_NUMBER_OBJECT_CONVERSION = YES_AGGRESSIVE;
				CLANG_CXX_LANGUAGE_STANDARD = "gnu++14";
				CLANG_CXX_LIBRARY = "libc++";
				CLANG_ENABLE_MODULES = YES;
				CLANG_ENABLE_OBJC_ARC = YES;
				CLANG_WARN_BLOCK_CAPTURE_AUTORELEASING = YES;
				CLANG_WARN_BOOL_CONVERSION = YES;
				CLANG_WARN_COMMA = YES;
				CLANG_WARN_CONSTANT_CONVERSION = YES;
				CLANG_WARN_DIRECT_OBJC_ISA_USAGE = YES_ERROR;
				CLANG_WARN_DOCUMENTATION_COMMENTS = YES;
				CLANG_WARN_EMPTY_BODY = YES;
				CLANG_WARN_ENUM_CONVERSION = YES;
				CLANG_WARN_INFINITE_RECURSION = YES;
				CLANG_WARN_INT_CONVERSION = YES;
				CLANG_WARN_NON_LITERAL_NULL_CONVERSION = YES;
				CLANG_WARN_OBJC_LITERAL_CONVERSION = YES;
				CLANG_WARN_OBJC_ROOT_CLASS = YES_ERROR;
				CLANG_WARN_RANGE_LOOP_ANALYSIS = YES;
				CLANG_WARN_STRICT_PROTOTYPES = YES;
				CLANG_WARN_SUSPICIOUS_MOVE = YES;
				CLANG_WARN_UNGUARDED_AVAILABILITY = YES_AGGRESSIVE;
				CLANG_WARN_UNREACHABLE_CODE = YES;
				CLANG_WARN__DUPLICATE_METHOD_MATCH = YES;
				CODE_SIGN_IDENTITY = "iPhone Developer";
				COPY_PHASE_STRIP = NO;
				DEBUG_INFORMATION_FORMAT = dwarf;
				ENABLE_STRICT_OBJC_MSGSEND = YES;
				ENABLE_TESTABILITY = YES;
				GCC_C_LANGUAGE_STANDARD = gnu11;
				GCC_DYNAMIC_NO_PIC = NO;
				GCC_NO_COMMON_BLOCKS = YES;
				GCC_OPTIMIZATION_LEVEL = 0;
				GCC_PREPROCESSOR_DEFINITIONS = (
					"DEBUG=1",
					"$(inherited)",
				);
				GCC_WARN_64_TO_32_BIT_CONVERSION = YES;
				GCC_WARN_ABOUT_RETURN_TYPE = YES_ERROR;
				GCC_WARN_UNDECLARED_SELECTOR = YES;
				GCC_WARN_UNINITIALIZED_AUTOS = YES_AGGRESSIVE;
				GCC_WARN_UNUSED_FUNCTION = YES;
				GCC_WARN_UNUSED_VARIABLE = YES;
				IPHONEOS_DEPLOYMENT_TARGET = 11.0;
				MTL_ENABLE_DEBUG_INFO = YES;
				ONLY_ACTIVE_ARCH = YES;
				SDKROOT = iphoneos;
			};
			name = Debug;
		};
		5775C8461FA0713800129407 /* Release */ = {
			isa = XCBuildConfiguration;
			buildSettings = {
				ALWAYS_SEARCH_USER_PATHS = NO;
				CLANG_ANALYZER_NONNULL = YES;
				CLANG_ANALYZER_NUMBER_OBJECT_CONVERSION = YES_AGGRESSIVE;
				CLANG_CXX_LANGUAGE_STANDARD = "gnu++14";
				CLANG_CXX_LIBRARY = "libc++";
				CLANG_ENABLE_MODULES = YES;
				CLANG_ENABLE_OBJC_ARC = YES;
				CLANG_WARN_BLOCK_CAPTURE_AUTORELEASING = YES;
				CLANG_WARN_BOOL_CONVERSION = YES;
				CLANG_WARN_COMMA = YES;
				CLANG_WARN_CONSTANT_CONVERSION = YES;
				CLANG_WARN_DIRECT_OBJC_ISA_USAGE = YES_ERROR;
				CLANG_WARN_DOCUMENTATION_COMMENTS = YES;
				CLANG_WARN_EMPTY_BODY = YES;
				CLANG_WARN_ENUM_CONVERSION = YES;
				CLANG_WARN_INFINITE_RECURSION = YES;
				CLANG_WARN_INT_CONVERSION = YES;
				CLANG_WARN_NON_LITERAL_NULL_CONVERSION = YES;
				CLANG_WARN_OBJC_LITERAL_CONVERSION = YES;
				CLANG_WARN_OBJC_ROOT_CLASS = YES_ERROR;
				CLANG_WARN_RANGE_LOOP_ANALYSIS = YES;
				CLANG_WARN_STRICT_PROTOTYPES = YES;
				CLANG_WARN_SUSPICIOUS_MOVE = YES;
				CLANG_WARN_UNGUARDED_AVAILABILITY = YES_AGGRESSIVE;
				CLANG_WARN_UNREACHABLE_CODE = YES;
				CLANG_WARN__DUPLICATE_METHOD_MATCH = YES;
				CODE_SIGN_IDENTITY = "iPhone Developer";
				COPY_PHASE_STRIP = NO;
				DEBUG_INFORMATION_FORMAT = "dwarf-with-dsym";
				ENABLE_NS_ASSERTIONS = NO;
				ENABLE_STRICT_OBJC_MSGSEND = YES;
				GCC_C_LANGUAGE_STANDARD = gnu11;
				GCC_NO_COMMON_BLOCKS = YES;
				GCC_WARN_64_TO_32_BIT_CONVERSION = YES;
				GCC_WARN_ABOUT_RETURN_TYPE = YES_ERROR;
				GCC_WARN_UNDECLARED_SELECTOR = YES;
				GCC_WARN_UNINITIALIZED_AUTOS = YES_AGGRESSIVE;
				GCC_WARN_UNUSED_FUNCTION = YES;
				GCC_WARN_UNUSED_VARIABLE = YES;
				IPHONEOS_DEPLOYMENT_TARGET = 11.0;
				MTL_ENABLE_DEBUG_INFO = NO;
				SDKROOT = iphoneos;
				VALIDATE_PRODUCT = YES;
			};
			name = Release;
		};
		5775C8481FA0713800129407 /* Debug */ = {
			isa = XCBuildConfiguration;
			buildSettings = {
				ASSETCATALOG_COMPILER_APPICON_NAME = AppIcon;
				CODE_SIGN_STYLE = Automatic;
				INFOPLIST_FILE = Encryped/Info.plist;
				LD_RUNPATH_SEARCH_PATHS = "$(inherited) @executable_path/Frameworks";
				PRODUCT_BUNDLE_IDENTIFIER = com.Sir.Encryped;
				PRODUCT_NAME = "$(TARGET_NAME)";
				TARGETED_DEVICE_FAMILY = "1,2";
			};
			name = Debug;
		};
		5775C8491FA0713800129407 /* Release */ = {
			isa = XCBuildConfiguration;
			buildSettings = {
				ASSETCATALOG_COMPILER_APPICON_NAME = AppIcon;
				CODE_SIGN_STYLE = Automatic;
				INFOPLIST_FILE = Encryped/Info.plist;
				LD_RUNPATH_SEARCH_PATHS = "$(inherited) @executable_path/Frameworks";
				PRODUCT_BUNDLE_IDENTIFIER = com.Sir.Encryped;
				PRODUCT_NAME = "$(TARGET_NAME)";
				TARGETED_DEVICE_FAMILY = "1,2";
			};
			name = Release;
		};
/* End XCBuildConfiguration section */

/* Begin XCConfigurationList section */
		5775C82C1FA0713600129407 /* Build configuration list for PBXProject "Encryped" */ = {
			isa = XCConfigurationList;
			buildConfigurations = (
				5775C8451FA0713800129407 /* Debug */,
				5775C8461FA0713800129407 /* Release */,
			);
			defaultConfigurationIsVisible = 0;
			defaultConfigurationName = Release;
		};
		5775C8471FA0713800129407 /* Build configuration list for PBXNativeTarget "Encryped" */ = {
			isa = XCConfigurationList;
			buildConfigurations = (
				5775C8481FA0713800129407 /* Debug */,
				5775C8491FA0713800129407 /* Release */,
			);
			defaultConfigurationIsVisible = 0;
			defaultConfigurationName = Release;
		};
/* End XCConfigurationList section */
	};
	rootObject = 5775C8291FA0713600129407 /* Project object */;
}
